
Microsoft Visual Studio Solution File, Format Version 12.00
# Visual Studio Version 17
VisualStudioVersion = 17.4.33403.182
MinimumVisualStudioVersion = 10.0.40219.1
Project("{FAE04EC0-301F-11D3-BF4B-00C04F79EFBC}") = "d9_address_book_updated", "d9_address_book_updated.csproj", "{4375957D-2920-4605-A538-A6B21D76E4E0}"
EndProject
Global
	GlobalSection(SolutionConfigurationPlatforms) = preSolution
		Debug|Any CPU = Debug|Any CPU
		Release|Any CPU = Release|Any CPU
	EndGlobalSection
	GlobalSection(ProjectConfigurationPlatforms) = postSolution
		{4375957D-2920-4605-A538-A6B21D76E4E0}.Debug|Any CPU.ActiveCfg = Debug|Any CPU
		{4375957D-2920-4605-A538-A6B21D76E4E0}.Debug|Any CPU.Build.0 = Debug|Any CPU
		{4375957D-2920-4605-A538-A6B21D76E4E0}.Release|Any CPU.ActiveCfg = Release|Any CPU
		{4375957D-2920-4605-A538-A6B21D76E4E0}.Release|Any CPU.Build.0 = Release|Any CPU
	EndGlobalSection
	GlobalSection(SolutionProperties) = preSolution
		HideSolutionNode = FALSE
	EndGlobalSection
	GlobalSection(ExtensibilityGlobals) = postSolution
		SolutionGuid = {EF32356A-9D6F-4FCE-BCD0-18C04D3754E8}
	EndGlobalSection
EndGlobal
